
Microsoft Visual Studio Solution File, Format Version 12.00
# Visual Studio 15
VisualStudioVersion = 15.0.28307.1259
MinimumVisualStudioVersion = 10.0.40219.1
Project("{B1E792BE-AA5F-4E3C-8C82-674BF9C0715B}") = "TwinCAT Project1", "TwinCAT Project1\TwinCAT Project1.tsproj", "{F5025EA3-809A-4332-9AC5-C3924DA02A79}"
EndProject
Global
	GlobalSection(SolutionConfigurationPlatforms) = preSolution
		Debug|TwinCAT CE7 (ARMV7) = Debug|TwinCAT CE7 (ARMV7)
		Debug|TwinCAT OS (ARMT2) = Debug|TwinCAT OS (ARMT2)
		Debug|TwinCAT RT (x64) = Debug|TwinCAT RT (x64)
		Debug|TwinCAT RT (x86) = Debug|TwinCAT RT (x86)
		Release|TwinCAT CE7 (ARMV7) = Release|TwinCAT CE7 (ARMV7)
		Release|TwinCAT OS (ARMT2) = Release|TwinCAT OS (ARMT2)
		Release|TwinCAT RT (x64) = Release|TwinCAT RT (x64)
		Release|TwinCAT RT (x86) = Release|TwinCAT RT (x86)
	EndGlobalSection
	GlobalSection(ProjectConfigurationPlatforms) = postSolution
		{F5025EA3-809A-4332-9AC5-C3924DA02A79}.Debug|TwinCAT CE7 (ARMV7).ActiveCfg = Debug|TwinCAT CE7 (ARMV7)
		{F5025EA3-809A-4332-9AC5-C3924DA02A79}.Debug|TwinCAT CE7 (ARMV7).Build.0 = Debug|TwinCAT CE7 (ARMV7)
		{F5025EA3-809A-4332-9AC5-C3924DA02A79}.Debug|TwinCAT OS (ARMT2).ActiveCfg = Debug|TwinCAT OS (ARMT2)
		{F5025EA3-809A-4332-9AC5-C3924DA02A79}.Debug|TwinCAT OS (ARMT2).Build.0 = Debug|TwinCAT OS (ARMT2)
		{F5025EA3-809A-4332-9AC5-C3924DA02A79}.Debug|TwinCAT RT (x64).ActiveCfg = Debug|TwinCAT RT (x64)
		{F5025EA3-809A-4332-9AC5-C3924DA02A79}.Debug|TwinCAT RT (x64).Build.0 = Debug|TwinCAT RT (x64)
		{F5025EA3-809A-4332-9AC5-C3924DA02A79}.Debug|TwinCAT RT (x86).ActiveCfg = Debug|TwinCAT RT (x86)
		{F5025EA3-809A-4332-9AC5-C3924DA02A79}.Debug|TwinCAT RT (x86).Build.0 = Debug|TwinCAT RT (x86)
		{F5025EA3-809A-4332-9AC5-C3924DA02A79}.Release|TwinCAT CE7 (ARMV7).ActiveCfg = Release|TwinCAT CE7 (ARMV7)
		{F5025EA3-809A-4332-9AC5-C3924DA02A79}.Release|TwinCAT CE7 (ARMV7).Build.0 = Release|TwinCAT CE7 (ARMV7)
		{F5025EA3-809A-4332-9AC5-C3924DA02A79}.Release|TwinCAT OS (ARMT2).ActiveCfg = Release|TwinCAT OS (ARMT2)
		{F5025EA3-809A-4332-9AC5-C3924DA02A79}.Release|TwinCAT OS (ARMT2).Build.0 = Release|TwinCAT OS (ARMT2)
		{F5025EA3-809A-4332-9AC5-C3924DA02A79}.Release|TwinCAT RT (x64).ActiveCfg = Release|TwinCAT RT (x64)
		{F5025EA3-809A-4332-9AC5-C3924DA02A79}.Release|TwinCAT RT (x64).Build.0 = Release|TwinCAT RT (x64)
		{F5025EA3-809A-4332-9AC5-C3924DA02A79}.Release|TwinCAT RT (x86).ActiveCfg = Release|TwinCAT RT (x86)
		{F5025EA3-809A-4332-9AC5-C3924DA02A79}.Release|TwinCAT RT (x86).Build.0 = Release|TwinCAT RT (x86)
		{9F1978D7-018C-45FB-BA08-807DE0413152}.Debug|TwinCAT CE7 (ARMV7).ActiveCfg = Debug|TwinCAT CE7 (ARMV7)
		{9F1978D7-018C-45FB-BA08-807DE0413152}.Debug|TwinCAT CE7 (ARMV7).Build.0 = Debug|TwinCAT CE7 (ARMV7)
		{9F1978D7-018C-45FB-BA08-807DE0413152}.Debug|TwinCAT OS (ARMT2).ActiveCfg = Debug|TwinCAT OS (ARMT2)
		{9F1978D7-018C-45FB-BA08-807DE0413152}.Debug|TwinCAT OS (ARMT2).Build.0 = Debug|TwinCAT OS (ARMT2)
		{9F1978D7-018C-45FB-BA08-807DE0413152}.Debug|TwinCAT RT (x64).ActiveCfg = Debug|TwinCAT RT (x64)
		{9F1978D7-018C-45FB-BA08-807DE0413152}.Debug|TwinCAT RT (x64).Build.0 = Debug|TwinCAT RT (x64)
		{9F1978D7-018C-45FB-BA08-807DE0413152}.Debug|TwinCAT RT (x86).ActiveCfg = Debug|TwinCAT RT (x86)
		{9F1978D7-018C-45FB-BA08-807DE0413152}.Debug|TwinCAT RT (x86).Build.0 = Debug|TwinCAT RT (x86)
		{9F1978D7-018C-45FB-BA08-807DE0413152}.Release|TwinCAT CE7 (ARMV7).ActiveCfg = Release|TwinCAT CE7 (ARMV7)
		{9F1978D7-018C-45FB-BA08-807DE0413152}.Release|TwinCAT CE7 (ARMV7).Build.0 = Release|TwinCAT CE7 (ARMV7)
		{9F1978D7-018C-45FB-BA08-807DE0413152}.Release|TwinCAT OS (ARMT2).ActiveCfg = Release|TwinCAT OS (ARMT2)
		{9F1978D7-018C-45FB-BA08-807DE0413152}.Release|TwinCAT OS (ARMT2).Build.0 = Release|TwinCAT OS (ARMT2)
		{9F1978D7-018C-45FB-BA08-807DE0413152}.Release|TwinCAT RT (x64).ActiveCfg = Release|TwinCAT RT (x64)
		{9F1978D7-018C-45FB-BA08-807DE0413152}.Release|TwinCAT RT (x64).Build.0 = Release|TwinCAT RT (x64)
		{9F1978D7-018C-45FB-BA08-807DE0413152}.Release|TwinCAT RT (x86).ActiveCfg = Release|TwinCAT RT (x86)
		{9F1978D7-018C-45FB-BA08-807DE0413152}.Release|TwinCAT RT (x86).Build.0 = Release|TwinCAT RT (x86)
	EndGlobalSection
	GlobalSection(SolutionProperties) = preSolution
		HideSolutionNode = FALSE
	EndGlobalSection
	GlobalSection(ExtensibilityGlobals) = postSolution
		SolutionGuid = {43D5F7D8-BDB3-4B2C-B614-2B84B443F8EC}
	EndGlobalSection
EndGlobal
