
Microsoft Visual Studio Solution File, Format Version 12.00
# Visual Studio 2013
VisualStudioVersion = 12.0.31101.0
MinimumVisualStudioVersion = 10.0.40219.1
Project("{B1E792BE-AA5F-4E3C-8C82-674BF9C0715B}") = "SteuerungWPPruefstand", "SteuerungWPPruefstand\SteuerungWPPruefstand.tsproj", "{00723746-F166-45CB-B6F6-9D3BB3308EFB}"
EndProject
Global
	GlobalSection(SolutionConfigurationPlatforms) = preSolution
		Debug|TwinCAT CE7 (ARMV7) = Debug|TwinCAT CE7 (ARMV7)
		Debug|TwinCAT OS (ARMT2) = Debug|TwinCAT OS (ARMT2)
		Debug|TwinCAT RT (x64) = Debug|TwinCAT RT (x64)
		Debug|TwinCAT RT (x86) = Debug|TwinCAT RT (x86)
		Release|TwinCAT CE7 (ARMV7) = Release|TwinCAT CE7 (ARMV7)
		Release|TwinCAT OS (ARMT2) = Release|TwinCAT OS (ARMT2)
		Release|TwinCAT RT (x64) = Release|TwinCAT RT (x64)
		Release|TwinCAT RT (x86) = Release|TwinCAT RT (x86)
	EndGlobalSection
	GlobalSection(ProjectConfigurationPlatforms) = postSolution
		{00723746-F166-45CB-B6F6-9D3BB3308EFB}.Debug|TwinCAT CE7 (ARMV7).ActiveCfg = Debug|TwinCAT CE7 (ARMV7)
		{00723746-F166-45CB-B6F6-9D3BB3308EFB}.Debug|TwinCAT CE7 (ARMV7).Build.0 = Debug|TwinCAT CE7 (ARMV7)
		{00723746-F166-45CB-B6F6-9D3BB3308EFB}.Debug|TwinCAT OS (ARMT2).ActiveCfg = Debug|TwinCAT RT (x86)
		{00723746-F166-45CB-B6F6-9D3BB3308EFB}.Debug|TwinCAT RT (x64).ActiveCfg = Debug|TwinCAT RT (x64)
		{00723746-F166-45CB-B6F6-9D3BB3308EFB}.Debug|TwinCAT RT (x64).Build.0 = Debug|TwinCAT RT (x64)
		{00723746-F166-45CB-B6F6-9D3BB3308EFB}.Debug|TwinCAT RT (x86).ActiveCfg = Debug|TwinCAT RT (x86)
		{00723746-F166-45CB-B6F6-9D3BB3308EFB}.Debug|TwinCAT RT (x86).Build.0 = Debug|TwinCAT RT (x86)
		{00723746-F166-45CB-B6F6-9D3BB3308EFB}.Release|TwinCAT CE7 (ARMV7).ActiveCfg = Release|TwinCAT CE7 (ARMV7)
		{00723746-F166-45CB-B6F6-9D3BB3308EFB}.Release|TwinCAT CE7 (ARMV7).Build.0 = Release|TwinCAT CE7 (ARMV7)
		{00723746-F166-45CB-B6F6-9D3BB3308EFB}.Release|TwinCAT OS (ARMT2).ActiveCfg = Release|TwinCAT RT (x86)
		{00723746-F166-45CB-B6F6-9D3BB3308EFB}.Release|TwinCAT RT (x64).ActiveCfg = Release|TwinCAT RT (x64)
		{00723746-F166-45CB-B6F6-9D3BB3308EFB}.Release|TwinCAT RT (x64).Build.0 = Release|TwinCAT RT (x64)
		{00723746-F166-45CB-B6F6-9D3BB3308EFB}.Release|TwinCAT RT (x86).ActiveCfg = Release|TwinCAT RT (x86)
		{00723746-F166-45CB-B6F6-9D3BB3308EFB}.Release|TwinCAT RT (x86).Build.0 = Release|TwinCAT RT (x86)
		{67A9EC0D-41F6-4F6D-A133-FF9C10635D24}.Debug|TwinCAT CE7 (ARMV7).ActiveCfg = Debug|TwinCAT CE7 (ARMV7)
		{67A9EC0D-41F6-4F6D-A133-FF9C10635D24}.Debug|TwinCAT CE7 (ARMV7).Build.0 = Debug|TwinCAT CE7 (ARMV7)
		{67A9EC0D-41F6-4F6D-A133-FF9C10635D24}.Debug|TwinCAT OS (ARMT2).ActiveCfg = Debug|TwinCAT RT (x86)
		{67A9EC0D-41F6-4F6D-A133-FF9C10635D24}.Debug|TwinCAT RT (x64).ActiveCfg = Debug|TwinCAT RT (x64)
		{67A9EC0D-41F6-4F6D-A133-FF9C10635D24}.Debug|TwinCAT RT (x64).Build.0 = Debug|TwinCAT RT (x64)
		{67A9EC0D-41F6-4F6D-A133-FF9C10635D24}.Debug|TwinCAT RT (x86).ActiveCfg = Debug|TwinCAT RT (x86)
		{67A9EC0D-41F6-4F6D-A133-FF9C10635D24}.Debug|TwinCAT RT (x86).Build.0 = Debug|TwinCAT RT (x86)
		{67A9EC0D-41F6-4F6D-A133-FF9C10635D24}.Release|TwinCAT CE7 (ARMV7).ActiveCfg = Release|TwinCAT CE7 (ARMV7)
		{67A9EC0D-41F6-4F6D-A133-FF9C10635D24}.Release|TwinCAT CE7 (ARMV7).Build.0 = Release|TwinCAT CE7 (ARMV7)
		{67A9EC0D-41F6-4F6D-A133-FF9C10635D24}.Release|TwinCAT OS (ARMT2).ActiveCfg = Release|TwinCAT RT (x86)
		{67A9EC0D-41F6-4F6D-A133-FF9C10635D24}.Release|TwinCAT RT (x64).ActiveCfg = Release|TwinCAT RT (x64)
		{67A9EC0D-41F6-4F6D-A133-FF9C10635D24}.Release|TwinCAT RT (x64).Build.0 = Release|TwinCAT RT (x64)
		{67A9EC0D-41F6-4F6D-A133-FF9C10635D24}.Release|TwinCAT RT (x86).ActiveCfg = Release|TwinCAT RT (x86)
		{67A9EC0D-41F6-4F6D-A133-FF9C10635D24}.Release|TwinCAT RT (x86).Build.0 = Release|TwinCAT RT (x86)
	EndGlobalSection
	GlobalSection(SolutionProperties) = preSolution
		HideSolutionNode = FALSE
	EndGlobalSection
EndGlobal
